
Microsoft Visual Studio Solution File, Format Version 12.00
# Visual Studio Version 16
VisualStudioVersion = 16.0.28803.452
MinimumVisualStudioVersion = 10.0.40219.1
Project("{FAE04EC0-301F-11D3-BF4B-00C04F79EFBC}") = "StudentManage", "StudentManage\StudentManage.csproj", "{50B681C0-4F29-4696-9A8E-EE6C66013FBD}"
EndProject
Global
	GlobalSection(SolutionConfigurationPlatforms) = preSolution
		Debug|Any CPU = Debug|Any CPU
		Release|Any CPU = Release|Any CPU
	EndGlobalSection
	GlobalSection(ProjectConfigurationPlatforms) = postSolution
		{50B681C0-4F29-4696-9A8E-EE6C66013FBD}.Debug|Any CPU.ActiveCfg = Debug|Any CPU
		{50B681C0-4F29-4696-9A8E-EE6C66013FBD}.Debug|Any CPU.Build.0 = Debug|Any CPU
		{50B681C0-4F29-4696-9A8E-EE6C66013FBD}.Release|Any CPU.ActiveCfg = Release|Any CPU
		{50B681C0-4F29-4696-9A8E-EE6C66013FBD}.Release|Any CPU.Build.0 = Release|Any CPU
	EndGlobalSection
	GlobalSection(SolutionProperties) = preSolution
		HideSolutionNode = FALSE
	EndGlobalSection
	GlobalSection(ExtensibilityGlobals) = postSolution
		SolutionGuid = {DB537942-7868-4B4C-8F97-7E481B8C5F0A}
	EndGlobalSection
EndGlobal
